
Microsoft Visual Studio Solution File, Format Version 12.00
# Visual Studio Version 16
VisualStudioVersion = 16.0.29709.97
MinimumVisualStudioVersion = 10.0.40219.1
Project("{FAE04EC0-301F-11D3-BF4B-00C04F79EFBC}") = "NulTien", "NulTien\NulTien.csproj", "{EA622364-7066-4D05-BAA1-21D72DB7DD36}"
EndProject
Global
	GlobalSection(SolutionConfigurationPlatforms) = preSolution
		Debug|Any CPU = Debug|Any CPU
		Release|Any CPU = Release|Any CPU
	EndGlobalSection
	GlobalSection(ProjectConfigurationPlatforms) = postSolution
		{EA622364-7066-4D05-BAA1-21D72DB7DD36}.Debug|Any CPU.ActiveCfg = Debug|Any CPU
		{EA622364-7066-4D05-BAA1-21D72DB7DD36}.Debug|Any CPU.Build.0 = Debug|Any CPU
		{EA622364-7066-4D05-BAA1-21D72DB7DD36}.Release|Any CPU.ActiveCfg = Release|Any CPU
		{EA622364-7066-4D05-BAA1-21D72DB7DD36}.Release|Any CPU.Build.0 = Release|Any CPU
	EndGlobalSection
	GlobalSection(SolutionProperties) = preSolution
		HideSolutionNode = FALSE
	EndGlobalSection
	GlobalSection(ExtensibilityGlobals) = postSolution
		SolutionGuid = {DF439BC2-6D6A-4443-9A2A-6036E6EDB3A7}
	EndGlobalSection
EndGlobal
